// !$*UTF8*$!
{
	archiveVersion = 1;
	classes = {
	};
	objectVersion = 51;
	objects = {

/* Begin PBXBuildFile section */
		2FAE3D4A8810A002E77334EF /* Pods_flixster.framework in Frameworks */ = {isa = PBXBuildFile; fileRef = 79B9CAF436D6A0633BA1368C /* Pods_flixster.framework */; };
		33E9AB6FBE47AB45A0DF43E2 /* Pods_flixsterTests.framework in Frameworks */ = {isa = PBXBuildFile; fileRef = 2B8020BA6BBE689C3108E08F /* Pods_flixsterTests.framework */; };
		D9003ABC25D81468001392C8 /* AppDelegate.swift in Sources */ = {isa = PBXBuildFile; fileRef = D9003ABB25D81468001392C8 /* AppDelegate.swift */; };
		D9003ABE25D81468001392C8 /* SceneDelegate.swift in Sources */ = {isa = PBXBuildFile; fileRef = D9003ABD25D81468001392C8 /* SceneDelegate.swift */; };
		D9003AC325D81468001392C8 /* Main.storyboard in Resources */ = {isa = PBXBuildFile; fileRef = D9003AC125D81468001392C8 /* Main.storyboard */; };
		D9003AC525D8146C001392C8 /* Assets.xcassets in Resources */ = {isa = PBXBuildFile; fileRef = D9003AC425D8146C001392C8 /* Assets.xcassets */; };
		D9003AC825D8146C001392C8 /* LaunchScreen.storyboard in Resources */ = {isa = PBXBuildFile; fileRef = D9003AC625D8146C001392C8 /* LaunchScreen.storyboard */; };
		D9003AD325D8146C001392C8 /* flixsterTests.swift in Sources */ = {isa = PBXBuildFile; fileRef = D9003AD225D8146C001392C8 /* flixsterTests.swift */; };
		D9003ADE25D8146C001392C8 /* flixsterUITests.swift in Sources */ = {isa = PBXBuildFile; fileRef = D9003ADD25D8146C001392C8 /* flixsterUITests.swift */; };
		D9003AF225D816DB001392C8 /* MoviesViewController.swift in Sources */ = {isa = PBXBuildFile; fileRef = D9003AF125D816DB001392C8 /* MoviesViewController.swift */; };
		D9003AF725D82342001392C8 /* MovieCell.swift in Sources */ = {isa = PBXBuildFile; fileRef = D9003AF625D82342001392C8 /* MovieCell.swift */; };
		D9B4AB1525E0774F003AAE05 /* MovieDetailsViewController.swift in Sources */ = {isa = PBXBuildFile; fileRef = D9B4AB1425E0774F003AAE05 /* MovieDetailsViewController.swift */; };
		D9B4AB1A25E08627003AAE05 /* MovieGridViewController.swift in Sources */ = {isa = PBXBuildFile; fileRef = D9B4AB1925E08627003AAE05 /* MovieGridViewController.swift */; };
		D9B4AB1F25E08A24003AAE05 /* MovieGridCell.swift in Sources */ = {isa = PBXBuildFile; fileRef = D9B4AB1E25E08A24003AAE05 /* MovieGridCell.swift */; };
		EC97DDD00AB9584AF46D1B29 /* Pods_flixster_flixsterUITests.framework in Frameworks */ = {isa = PBXBuildFile; fileRef = 90D43FA331923B5EFF9C6850 /* Pods_flixster_flixsterUITests.framework */; };
/* End PBXBuildFile section */

/* Begin PBXContainerItemProxy section */
		D9003ACF25D8146C001392C8 /* PBXContainerItemProxy */ = {
			isa = PBXContainerItemProxy;
			containerPortal = D9003AB025D81468001392C8 /* Project object */;
			proxyType = 1;
			remoteGlobalIDString = D9003AB725D81468001392C8;
			remoteInfo = flixster;
		};
		D9003ADA25D8146C001392C8 /* PBXContainerItemProxy */ = {
			isa = PBXContainerItemProxy;
			containerPortal = D9003AB025D81468001392C8 /* Project object */;
			proxyType = 1;
			remoteGlobalIDString = D9003AB725D81468001392C8;
			remoteInfo = flixster;
		};
/* End PBXContainerItemProxy section */

/* Begin PBXFileReference section */
		022A62D566D0BBF472812C6E /* Pods-flixster-flixsterUITests.release.xcconfig */ = {isa = PBXFileReference; includeInIndex = 1; lastKnownFileType = text.xcconfig; name = "Pods-flixster-flixsterUITests.release.xcconfig"; path = "Target Support Files/Pods-flixster-flixsterUITests/Pods-flixster-flixsterUITests.release.xcconfig"; sourceTree = "<group>"; };
		09E8BC29689826222785BD7F /* Pods-flixsterTests.release.xcconfig */ = {isa = PBXFileReference; includeInIndex = 1; lastKnownFileType = text.xcconfig; name = "Pods-flixsterTests.release.xcconfig"; path = "Target Support Files/Pods-flixsterTests/Pods-flixsterTests.release.xcconfig"; sourceTree = "<group>"; };
		1948BD7E14C14648A5450C12 /* Pods-flixster.debug.xcconfig */ = {isa = PBXFileReference; includeInIndex = 1; lastKnownFileType = text.xcconfig; name = "Pods-flixster.debug.xcconfig"; path = "Target Support Files/Pods-flixster/Pods-flixster.debug.xcconfig"; sourceTree = "<group>"; };
		2B8020BA6BBE689C3108E08F /* Pods_flixsterTests.framework */ = {isa = PBXFileReference; explicitFileType = wrapper.framework; includeInIndex = 0; path = Pods_flixsterTests.framework; sourceTree = BUILT_PRODUCTS_DIR; };
		5646D9AFE810FDE5E00AEF16 /* Pods-flixsterTests.debug.xcconfig */ = {isa = PBXFileReference; includeInIndex = 1; lastKnownFileType = text.xcconfig; name = "Pods-flixsterTests.debug.xcconfig"; path = "Target Support Files/Pods-flixsterTests/Pods-flixsterTests.debug.xcconfig"; sourceTree = "<group>"; };
		79B9CAF436D6A0633BA1368C /* Pods_flixster.framework */ = {isa = PBXFileReference; explicitFileType = wrapper.framework; includeInIndex = 0; path = Pods_flixster.framework; sourceTree = BUILT_PRODUCTS_DIR; };
		90D43FA331923B5EFF9C6850 /* Pods_flixster_flixsterUITests.framework */ = {isa = PBXFileReference; explicitFileType = wrapper.framework; includeInIndex = 0; path = Pods_flixster_flixsterUITests.framework; sourceTree = BUILT_PRODUCTS_DIR; };
		B316E5090222282AF9B06999 /* Pods-flixster.release.xcconfig */ = {isa = PBXFileReference; includeInIndex = 1; lastKnownFileType = text.xcconfig; name = "Pods-flixster.release.xcconfig"; path = "Target Support Files/Pods-flixster/Pods-flixster.release.xcconfig"; sourceTree = "<group>"; };
		B83B2791AB861D0E5F0456D9 /* Pods-flixster-flixsterUITests.debug.xcconfig */ = {isa = PBXFileReference; includeInIndex = 1; lastKnownFileType = text.xcconfig; name = "Pods-flixster-flixsterUITests.debug.xcconfig"; path = "Target Support Files/Pods-flixster-flixsterUITests/Pods-flixster-flixsterUITests.debug.xcconfig"; sourceTree = "<group>"; };
		D9003AB825D81468001392C8 /* flixster.app */ = {isa = PBXFileReference; explicitFileType = wrapper.application; includeInIndex = 0; path = flixster.app; sourceTree = BUILT_PRODUCTS_DIR; };
		D9003ABB25D81468001392C8 /* AppDelegate.swift */ = {isa = PBXFileReference; lastKnownFileType = sourcecode.swift; path = AppDelegate.swift; sourceTree = "<group>"; };
		D9003ABD25D81468001392C8 /* SceneDelegate.swift */ = {isa = PBXFileReference; lastKnownFileType = sourcecode.swift; path = SceneDelegate.swift; sourceTree = "<group>"; };
		D9003AC225D81468001392C8 /* Base */ = {isa = PBXFileReference; lastKnownFileType = file.storyboard; name = Base; path = Base.lproj/Main.storyboard; sourceTree = "<group>"; };
		D9003AC425D8146C001392C8 /* Assets.xcassets */ = {isa = PBXFileReference; lastKnownFileType = folder.assetcatalog; path = Assets.xcassets; sourceTree = "<group>"; };
		D9003AC725D8146C001392C8 /* Base */ = {isa = PBXFileReference; lastKnownFileType = file.storyboard; name = Base; path = Base.lproj/LaunchScreen.storyboard; sourceTree = "<group>"; };
		D9003AC925D8146C001392C8 /* Info.plist */ = {isa = PBXFileReference; lastKnownFileType = text.plist.xml; path = Info.plist; sourceTree = "<group>"; };
		D9003ACE25D8146C001392C8 /* flixsterTests.xctest */ = {isa = PBXFileReference; explicitFileType = wrapper.cfbundle; includeInIndex = 0; path = flixsterTests.xctest; sourceTree = BUILT_PRODUCTS_DIR; };
		D9003AD225D8146C001392C8 /* flixsterTests.swift */ = {isa = PBXFileReference; lastKnownFileType = sourcecode.swift; path = flixsterTests.swift; sourceTree = "<group>"; };
		D9003AD425D8146C001392C8 /* Info.plist */ = {isa = PBXFileReference; lastKnownFileType = text.plist.xml; path = Info.plist; sourceTree = "<group>"; };
		D9003AD925D8146C001392C8 /* flixsterUITests.xctest */ = {isa = PBXFileReference; explicitFileType = wrapper.cfbundle; includeInIndex = 0; path = flixsterUITests.xctest; sourceTree = BUILT_PRODUCTS_DIR; };
		D9003ADD25D8146C001392C8 /* flixsterUITests.swift */ = {isa = PBXFileReference; lastKnownFileType = sourcecode.swift; path = flixsterUITests.swift; sourceTree = "<group>"; };
		D9003ADF25D8146C001392C8 /* Info.plist */ = {isa = PBXFileReference; lastKnownFileType = text.plist.xml; path = Info.plist; sourceTree = "<group>"; };
		D9003AF125D816DB001392C8 /* MoviesViewController.swift */ = {isa = PBXFileReference; lastKnownFileType = sourcecode.swift; path = MoviesViewController.swift; sourceTree = "<group>"; };
		D9003AF625D82342001392C8 /* MovieCell.swift */ = {isa = PBXFileReference; lastKnownFileType = sourcecode.swift; path = MovieCell.swift; sourceTree = "<group>"; };
		D9B4AB1425E0774F003AAE05 /* MovieDetailsViewController.swift */ = {isa = PBXFileReference; lastKnownFileType = sourcecode.swift; path = MovieDetailsViewController.swift; sourceTree = "<group>"; };
		D9B4AB1925E08627003AAE05 /* MovieGridViewController.swift */ = {isa = PBXFileReference; lastKnownFileType = sourcecode.swift; path = MovieGridViewController.swift; sourceTree = "<group>"; };
		D9B4AB1E25E08A24003AAE05 /* MovieGridCell.swift */ = {isa = PBXFileReference; lastKnownFileType = sourcecode.swift; path = MovieGridCell.swift; sourceTree = "<group>"; };
/* End PBXFileReference section */

/* Begin PBXFrameworksBuildPhase section */
		D9003AB525D81468001392C8 /* Frameworks */ = {
			isa = PBXFrameworksBuildPhase;
			buildActionMask = 2147483647;
			files = (
				2FAE3D4A8810A002E77334EF /* Pods_flixster.framework in Frameworks */,
			);
			runOnlyForDeploymentPostprocessing = 0;
		};
		D9003ACB25D8146C001392C8 /* Frameworks */ = {
			isa = PBXFrameworksBuildPhase;
			buildActionMask = 2147483647;
			files = (
				33E9AB6FBE47AB45A0DF43E2 /* Pods_flixsterTests.framework in Frameworks */,
			);
			runOnlyForDeploymentPostprocessing = 0;
		};
		D9003AD625D8146C001392C8 /* Frameworks */ = {
			isa = PBXFrameworksBuildPhase;
			buildActionMask = 2147483647;
			files = (
				EC97DDD00AB9584AF46D1B29 /* Pods_flixster_flixsterUITests.framework in Frameworks */,
			);
			runOnlyForDeploymentPostprocessing = 0;
		};
/* End PBXFrameworksBuildPhase section */

/* Begin PBXGroup section */
		2DAF1BC58DEADEEF3E0A075E /* Frameworks */ = {
			isa = PBXGroup;
			children = (
				79B9CAF436D6A0633BA1368C /* Pods_flixster.framework */,
				90D43FA331923B5EFF9C6850 /* Pods_flixster_flixsterUITests.framework */,
				2B8020BA6BBE689C3108E08F /* Pods_flixsterTests.framework */,
			);
			name = Frameworks;
			sourceTree = "<group>";
		};
		A23499D5DF08D72ECA76401B /* Pods */ = {
			isa = PBXGroup;
			children = (
				1948BD7E14C14648A5450C12 /* Pods-flixster.debug.xcconfig */,
				B316E5090222282AF9B06999 /* Pods-flixster.release.xcconfig */,
				B83B2791AB861D0E5F0456D9 /* Pods-flixster-flixsterUITests.debug.xcconfig */,
				022A62D566D0BBF472812C6E /* Pods-flixster-flixsterUITests.release.xcconfig */,
				5646D9AFE810FDE5E00AEF16 /* Pods-flixsterTests.debug.xcconfig */,
				09E8BC29689826222785BD7F /* Pods-flixsterTests.release.xcconfig */,
			);
			path = Pods;
			sourceTree = "<group>";
		};
		D9003AAF25D81468001392C8 = {
			isa = PBXGroup;
			children = (
				D9003ABA25D81468001392C8 /* flixster */,
				D9003AD125D8146C001392C8 /* flixsterTests */,
				D9003ADC25D8146C001392C8 /* flixsterUITests */,
				D9003AB925D81468001392C8 /* Products */,
				A23499D5DF08D72ECA76401B /* Pods */,
				2DAF1BC58DEADEEF3E0A075E /* Frameworks */,
			);
			sourceTree = "<group>";
		};
		D9003AB925D81468001392C8 /* Products */ = {
			isa = PBXGroup;
			children = (
				D9003AB825D81468001392C8 /* flixster.app */,
				D9003ACE25D8146C001392C8 /* flixsterTests.xctest */,
				D9003AD925D8146C001392C8 /* flixsterUITests.xctest */,
			);
			name = Products;
			sourceTree = "<group>";
		};
		D9003ABA25D81468001392C8 /* flixster */ = {
			isa = PBXGroup;
			children = (
				D9003ABB25D81468001392C8 /* AppDelegate.swift */,
				D9003ABD25D81468001392C8 /* SceneDelegate.swift */,
				D9003AC125D81468001392C8 /* Main.storyboard */,
				D9003AC425D8146C001392C8 /* Assets.xcassets */,
				D9003AC625D8146C001392C8 /* LaunchScreen.storyboard */,
				D9003AC925D8146C001392C8 /* Info.plist */,
				D9003AF125D816DB001392C8 /* MoviesViewController.swift */,
				D9003AF625D82342001392C8 /* MovieCell.swift */,
				D9B4AB1425E0774F003AAE05 /* MovieDetailsViewController.swift */,
				D9B4AB1925E08627003AAE05 /* MovieGridViewController.swift */,
				D9B4AB1E25E08A24003AAE05 /* MovieGridCell.swift */,
			);
			path = flixster;
			sourceTree = "<group>";
		};
		D9003AD125D8146C001392C8 /* flixsterTests */ = {
			isa = PBXGroup;
			children = (
				D9003AD225D8146C001392C8 /* flixsterTests.swift */,
				D9003AD425D8146C001392C8 /* Info.plist */,
			);
			path = flixsterTests;
			sourceTree = "<group>";
		};
		D9003ADC25D8146C001392C8 /* flixsterUITests */ = {
			isa = PBXGroup;
			children = (
				D9003ADD25D8146C001392C8 /* flixsterUITests.swift */,
				D9003ADF25D8146C001392C8 /* Info.plist */,
			);
			path = flixsterUITests;
			sourceTree = "<group>";
		};
/* End PBXGroup section */

/* Begin PBXNativeTarget section */
		D9003AB725D81468001392C8 /* flixster */ = {
			isa = PBXNativeTarget;
			buildConfigurationList = D9003AE225D8146C001392C8 /* Build configuration list for PBXNativeTarget "flixster" */;
			buildPhases = (
				961854305BB32A5307C73F75 /* [CP] Check Pods Manifest.lock */,
				D9003AB425D81468001392C8 /* Sources */,
				D9003AB525D81468001392C8 /* Frameworks */,
				D9003AB625D81468001392C8 /* Resources */,
				F66EE45CD1B8E960A57ECA02 /* [CP] Embed Pods Frameworks */,
			);
			buildRules = (
			);
			dependencies = (
			);
			name = flixster;
			productName = flixster;
			productReference = D9003AB825D81468001392C8 /* flixster.app */;
			productType = "com.apple.product-type.application";
		};
		D9003ACD25D8146C001392C8 /* flixsterTests */ = {
			isa = PBXNativeTarget;
			buildConfigurationList = D9003AE525D8146C001392C8 /* Build configuration list for PBXNativeTarget "flixsterTests" */;
			buildPhases = (
				90E4760D479F64C62A173059 /* [CP] Check Pods Manifest.lock */,
				D9003ACA25D8146C001392C8 /* Sources */,
				D9003ACB25D8146C001392C8 /* Frameworks */,
				D9003ACC25D8146C001392C8 /* Resources */,
			);
			buildRules = (
			);
			dependencies = (
				D9003AD025D8146C001392C8 /* PBXTargetDependency */,
			);
			name = flixsterTests;
			productName = flixsterTests;
			productReference = D9003ACE25D8146C001392C8 /* flixsterTests.xctest */;
			productType = "com.apple.product-type.bundle.unit-test";
		};
		D9003AD825D8146C001392C8 /* flixsterUITests */ = {
			isa = PBXNativeTarget;
			buildConfigurationList = D9003AE825D8146C001392C8 /* Build configuration list for PBXNativeTarget "flixsterUITests" */;
			buildPhases = (
				CD825EDCE8128FC36CBB72CB /* [CP] Check Pods Manifest.lock */,
				D9003AD525D8146C001392C8 /* Sources */,
				D9003AD625D8146C001392C8 /* Frameworks */,
				D9003AD725D8146C001392C8 /* Resources */,
				7D4E41C53400192E8584FFFD /* [CP] Embed Pods Frameworks */,
			);
			buildRules = (
			);
			dependencies = (
				D9003ADB25D8146C001392C8 /* PBXTargetDependency */,
			);
			name = flixsterUITests;
			productName = flixsterUITests;
			productReference = D9003AD925D8146C001392C8 /* flixsterUITests.xctest */;
			productType = "com.apple.product-type.bundle.ui-testing";
		};
/* End PBXNativeTarget section */

/* Begin PBXProject section */
		D9003AB025D81468001392C8 /* Project object */ = {
			isa = PBXProject;
			attributes = {
				LastSwiftUpdateCheck = 1240;
				LastUpgradeCheck = 1240;
				TargetAttributes = {
					D9003AB725D81468001392C8 = {
						CreatedOnToolsVersion = 12.4;
					};
					D9003ACD25D8146C001392C8 = {
						CreatedOnToolsVersion = 12.4;
						TestTargetID = D9003AB725D81468001392C8;
					};
					D9003AD825D8146C001392C8 = {
						CreatedOnToolsVersion = 12.4;
						TestTargetID = D9003AB725D81468001392C8;
					};
				};
			};
			buildConfigurationList = D9003AB325D81468001392C8 /* Build configuration list for PBXProject "flixster" */;
			compatibilityVersion = "Xcode 9.3";
			developmentRegion = en;
			hasScannedForEncodings = 0;
			knownRegions = (
				en,
				Base,
			);
			mainGroup = D9003AAF25D81468001392C8;
			productRefGroup = D9003AB925D81468001392C8 /* Products */;
			projectDirPath = "";
			projectRoot = "";
			targets = (
				D9003AB725D81468001392C8 /* flixster */,
				D9003ACD25D8146C001392C8 /* flixsterTests */,
				D9003AD825D8146C001392C8 /* flixsterUITests */,
			);
		};
/* End PBXProject section */

/* Begin PBXResourcesBuildPhase section */
		D9003AB625D81468001392C8 /* Resources */ = {
			isa = PBXResourcesBuildPhase;
			buildActionMask = 2147483647;
			files = (
				D9003AC825D8146C001392C8 /* LaunchScreen.storyboard in Resources */,
				D9003AC525D8146C001392C8 /* Assets.xcassets in Resources */,
				D9003AC325D81468001392C8 /* Main.storyboard in Resources */,
			);
			runOnlyForDeploymentPostprocessing = 0;
		};
		D9003ACC25D8146C001392C8 /* Resources */ = {
			isa = PBXResourcesBuildPhase;
			buildActionMask = 2147483647;
			files = (
			);
			runOnlyForDeploymentPostprocessing = 0;
		};
		D9003AD725D8146C001392C8 /* Resources */ = {
			isa = PBXResourcesBuildPhase;
			buildActionMask = 2147483647;
			files = (
			);
			runOnlyForDeploymentPostprocessing = 0;
		};
/* End PBXResourcesBuildPhase section */

/* Begin PBXShellScriptBuildPhase section */
		7D4E41C53400192E8584FFFD /* [CP] Embed Pods Frameworks */ = {
			isa = PBXShellScriptBuildPhase;
			buildActionMask = 2147483647;
			files = (
			);
			inputFileListPaths = (
				"${PODS_ROOT}/Target Support Files/Pods-flixster-flixsterUITests/Pods-flixster-flixsterUITests-frameworks-${CONFIGURATION}-input-files.xcfilelist",
			);
			name = "[CP] Embed Pods Frameworks";
			outputFileListPaths = (
				"${PODS_ROOT}/Target Support Files/Pods-flixster-flixsterUITests/Pods-flixster-flixsterUITests-frameworks-${CONFIGURATION}-output-files.xcfilelist",
			);
			runOnlyForDeploymentPostprocessing = 0;
			shellPath = /bin/sh;
			shellScript = "\"${PODS_ROOT}/Target Support Files/Pods-flixster-flixsterUITests/Pods-flixster-flixsterUITests-frameworks.sh\"\n";
			showEnvVarsInLog = 0;
		};
		90E4760D479F64C62A173059 /* [CP] Check Pods Manifest.lock */ = {
			isa = PBXShellScriptBuildPhase;
			buildActionMask = 2147483647;
			files = (
			);
			inputFileListPaths = (
			);
			inputPaths = (
				"${PODS_PODFILE_DIR_PATH}/Podfile.lock",
				"${PODS_ROOT}/Manifest.lock",
			);
			name = "[CP] Check Pods Manifest.lock";
			outputFileListPaths = (
			);
			outputPaths = (
				"$(DERIVED_FILE_DIR)/Pods-flixsterTests-checkManifestLockResult.txt",
			);
			runOnlyForDeploymentPostprocessing = 0;
			shellPath = /bin/sh;
			shellScript = "diff \"${PODS_PODFILE_DIR_PATH}/Podfile.lock\" \"${PODS_ROOT}/Manifest.lock\" > /dev/null\nif [ $? != 0 ] ; then\n    # print error to STDERR\n    echo \"error: The sandbox is not in sync with the Podfile.lock. Run 'pod install' or update your CocoaPods installation.\" >&2\n    exit 1\nfi\n# This output is used by Xcode 'outputs' to avoid re-running this script phase.\necho \"SUCCESS\" > \"${SCRIPT_OUTPUT_FILE_0}\"\n";
			showEnvVarsInLog = 0;
		};
		961854305BB32A5307C73F75 /* [CP] Check Pods Manifest.lock */ = {
			isa = PBXShellScriptBuildPhase;
			buildActionMask = 2147483647;
			files = (
			);
			inputFileListPaths = (
			);
			inputPaths = (
				"${PODS_PODFILE_DIR_PATH}/Podfile.lock",
				"${PODS_ROOT}/Manifest.lock",
			);
			name = "[CP] Check Pods Manifest.lock";
			outputFileListPaths = (
			);
			outputPaths = (
				"$(DERIVED_FILE_DIR)/Pods-flixster-checkManifestLockResult.txt",
			);
			runOnlyForDeploymentPostprocessing = 0;
			shellPath = /bin/sh;
			shellScript = "diff \"${PODS_PODFILE_DIR_PATH}/Podfile.lock\" \"${PODS_ROOT}/Manifest.lock\" > /dev/null\nif [ $? != 0 ] ; then\n    # print error to STDERR\n    echo \"error: The sandbox is not in sync with the Podfile.lock. Run 'pod install' or update your CocoaPods installation.\" >&2\n    exit 1\nfi\n# This output is used by Xcode 'outputs' to avoid re-running this script phase.\necho \"SUCCESS\" > \"${SCRIPT_OUTPUT_FILE_0}\"\n";
			showEnvVarsInLog = 0;
		};
		CD825EDCE8128FC36CBB72CB /* [CP] Check Pods Manifest.lock */ = {
			isa = PBXShellScriptBuildPhase;
			buildActionMask = 2147483647;
			files = (
			);
			inputFileListPaths = (
			);
			inputPaths = (
				"${PODS_PODFILE_DIR_PATH}/Podfile.lock",
				"${PODS_ROOT}/Manifest.lock",
			);
			name = "[CP] Check Pods Manifest.lock";
			outputFileListPaths = (
			);
			outputPaths = (
				"$(DERIVED_FILE_DIR)/Pods-flixster-flixsterUITests-checkManifestLockResult.txt",
			);
			runOnlyForDeploymentPostprocessing = 0;
			shellPath = /bin/sh;
			shellScript = "diff \"${PODS_PODFILE_DIR_PATH}/Podfile.lock\" \"${PODS_ROOT}/Manifest.lock\" > /dev/null\nif [ $? != 0 ] ; then\n    # print error to STDERR\n    echo \"error: The sandbox is not in sync with the Podfile.lock. Run 'pod install' or update your CocoaPods installation.\" >&2\n    exit 1\nfi\n# This output is used by Xcode 'outputs' to avoid re-running this script phase.\necho \"SUCCESS\" > \"${SCRIPT_OUTPUT_FILE_0}\"\n";
			showEnvVarsInLog = 0;
		};
		F66EE45CD1B8E960A57ECA02 /* [CP] Embed Pods Frameworks */ = {
			isa = PBXShellScriptBuildPhase;
			buildActionMask = 2147483647;
			files = (
			);
			inputFileListPaths = (
				"${PODS_ROOT}/Target Support Files/Pods-flixster/Pods-flixster-frameworks-${CONFIGURATION}-input-files.xcfilelist",
			);
			name = "[CP] Embed Pods Frameworks";
			outputFileListPaths = (
				"${PODS_ROOT}/Target Support Files/Pods-flixster/Pods-flixster-frameworks-${CONFIGURATION}-output-files.xcfilelist",
			);
			runOnlyForDeploymentPostprocessing = 0;
			shellPath = /bin/sh;
			shellScript = "\"${PODS_ROOT}/Target Support Files/Pods-flixster/Pods-flixster-frameworks.sh\"\n";
			showEnvVarsInLog = 0;
		};
/* End PBXShellScriptBuildPhase section */

/* Begin PBXSourcesBuildPhase section */
		D9003AB425D81468001392C8 /* Sources */ = {
			isa = PBXSourcesBuildPhase;
			buildActionMask = 2147483647;
			files = (
				D9B4AB1525E0774F003AAE05 /* MovieDetailsViewController.swift in Sources */,
				D9003ABC25D81468001392C8 /* AppDelegate.swift in Sources */,
				D9003ABE25D81468001392C8 /* SceneDelegate.swift in Sources */,
				D9003AF725D82342001392C8 /* MovieCell.swift in Sources */,
				D9003AF225D816DB001392C8 /* MoviesViewController.swift in Sources */,
				D9B4AB1A25E08627003AAE05 /* MovieGridViewController.swift in Sources */,
				D9B4AB1F25E08A24003AAE05 /* MovieGridCell.swift in Sources */,
			);
			runOnlyForDeploymentPostprocessing = 0;
		};
		D9003ACA25D8146C001392C8 /* Sources */ = {
			isa = PBXSourcesBuildPhase;
			buildActionMask = 2147483647;
			files = (
				D9003AD325D8146C001392C8 /* flixsterTests.swift in Sources */,
			);
			runOnlyForDeploymentPostprocessing = 0;
		};
		D9003AD525D8146C001392C8 /* Sources */ = {
			isa = PBXSourcesBuildPhase;
			buildActionMask = 2147483647;
			files = (
				D9003ADE25D8146C001392C8 /* flixsterUITests.swift in Sources */,
			);
			runOnlyForDeploymentPostprocessing = 0;
		};
/* End PBXSourcesBuildPhase section */

/* Begin PBXTargetDependency section */
		D9003AD025D8146C001392C8 /* PBXTargetDependency */ = {
			isa = PBXTargetDependency;
			target = D9003AB725D81468001392C8 /* flixster */;
			targetProxy = D9003ACF25D8146C001392C8 /* PBXContainerItemProxy */;
		};
		D9003ADB25D8146C001392C8 /* PBXTargetDependency */ = {
			isa = PBXTargetDependency;
			target = D9003AB725D81468001392C8 /* flixster */;
			targetProxy = D9003ADA25D8146C001392C8 /* PBXContainerItemProxy */;
		};
/* End PBXTargetDependency section */

/* Begin PBXVariantGroup section */
		D9003AC125D81468001392C8 /* Main.storyboard */ = {
			isa = PBXVariantGroup;
			children = (
				D9003AC225D81468001392C8 /* Base */,
			);
			name = Main.storyboard;
			sourceTree = "<group>";
		};
		D9003AC625D8146C001392C8 /* LaunchScreen.storyboard */ = {
			isa = PBXVariantGroup;
			children = (
				D9003AC725D8146C001392C8 /* Base */,
			);
			name = LaunchScreen.storyboard;
			sourceTree = "<group>";
		};
/* End PBXVariantGroup section */

/* Begin XCBuildConfiguration section */
		D9003AE025D8146C001392C8 /* Debug */ = {
			isa = XCBuildConfiguration;
			buildSettings = {
				ALWAYS_SEARCH_USER_PATHS = NO;
				CLANG_ANALYZER_NONNULL = YES;
				CLANG_ANALYZER_NUMBER_OBJECT_CONVERSION = YES_AGGRESSIVE;
				CLANG_CXX_LANGUAGE_STANDARD = "gnu++14";
				CLANG_CXX_LIBRARY = "libc++";
				CLANG_ENABLE_MODULES = YES;
				CLANG_ENABLE_OBJC_ARC = YES;
				CLANG_ENABLE_OBJC_WEAK = YES;
				CLANG_WARN_BLOCK_CAPTURE_AUTORELEASING = YES;
				CLANG_WARN_BOOL_CONVERSION = YES;
				CLANG_WARN_COMMA = YES;
				CLANG_WARN_CONSTANT_CONVERSION = YES;
				CLANG_WARN_DEPRECATED_OBJC_IMPLEMENTATIONS = YES;
				CLANG_WARN_DIRECT_OBJC_ISA_USAGE = YES_ERROR;
				CLANG_WARN_DOCUMENTATION_COMMENTS = YES;
				CLANG_WARN_EMPTY_BODY = YES;
				CLANG_WARN_ENUM_CONVERSION = YES;
				CLANG_WARN_INFINITE_RECURSION = YES;
				CLANG_WARN_INT_CONVERSION = YES;
				CLANG_WARN_NON_LITERAL_NULL_CONVERSION = YES;
				CLANG_WARN_OBJC_IMPLICIT_RETAIN_SELF = YES;
				CLANG_WARN_OBJC_LITERAL_CONVERSION = YES;
				CLANG_WARN_OBJC_ROOT_CLASS = YES_ERROR;
				CLANG_WARN_QUOTED_INCLUDE_IN_FRAMEWORK_HEADER = YES;
				CLANG_WARN_RANGE_LOOP_ANALYSIS = YES;
				CLANG_WARN_STRICT_PROTOTYPES = YES;
				CLANG_WARN_SUSPICIOUS_MOVE = YES;
				CLANG_WARN_UNGUARDED_AVAILABILITY = YES_AGGRESSIVE;
				CLANG_WARN_UNREACHABLE_CODE = YES;
				CLANG_WARN__DUPLICATE_METHOD_MATCH = YES;
				COPY_PHASE_STRIP = NO;
				DEBUG_INFORMATION_FORMAT = dwarf;
				ENABLE_STRICT_OBJC_MSGSEND = YES;
				ENABLE_TESTABILITY = YES;
				GCC_C_LANGUAGE_STANDARD = gnu11;
				GCC_DYNAMIC_NO_PIC = NO;
				GCC_NO_COMMON_BLOCKS = YES;
				GCC_OPTIMIZATION_LEVEL = 0;
				GCC_PREPROCESSOR_DEFINITIONS = (
					"DEBUG=1",
					"$(inherited)",
				);
				GCC_WARN_64_TO_32_BIT_CONVERSION = YES;
				GCC_WARN_ABOUT_RETURN_TYPE = YES_ERROR;
				GCC_WARN_UNDECLARED_SELECTOR = YES;
				GCC_WARN_UNINITIALIZED_AUTOS = YES_AGGRESSIVE;
				GCC_WARN_UNUSED_FUNCTION = YES;
				GCC_WARN_UNUSED_VARIABLE = YES;
				IPHONEOS_DEPLOYMENT_TARGET = 14.4;
				MTL_ENABLE_DEBUG_INFO = INCLUDE_SOURCE;
				MTL_FAST_MATH = YES;
				ONLY_ACTIVE_ARCH = YES;
				SDKROOT = iphoneos;
				SWIFT_ACTIVE_COMPILATION_CONDITIONS = DEBUG;
				SWIFT_OPTIMIZATION_LEVEL = "-Onone";
			};
			name = Debug;
		};
		D9003AE125D8146C001392C8 /* Release */ = {
			isa = XCBuildConfiguration;
			buildSettings = {
				ALWAYS_SEARCH_USER_PATHS = NO;
				CLANG_ANALYZER_NONNULL = YES;
				CLANG_ANALYZER_NUMBER_OBJECT_CONVERSION = YES_AGGRESSIVE;
				CLANG_CXX_LANGUAGE_STANDARD = "gnu++14";
				CLANG_CXX_LIBRARY = "libc++";
				CLANG_ENABLE_MODULES = YES;
				CLANG_ENABLE_OBJC_ARC = YES;
				CLANG_ENABLE_OBJC_WEAK = YES;
				CLANG_WARN_BLOCK_CAPTURE_AUTORELEASING = YES;
				CLANG_WARN_BOOL_CONVERSION = YES;
				CLANG_WARN_COMMA = YES;
				CLANG_WARN_CONSTANT_CONVERSION = YES;
				CLANG_WARN_DEPRECATED_OBJC_IMPLEMENTATIONS = YES;
				CLANG_WARN_DIRECT_OBJC_ISA_USAGE = YES_ERROR;
				CLANG_WARN_DOCUMENTATION_COMMENTS = YES;
				CLANG_WARN_EMPTY_BODY = YES;
				CLANG_WARN_ENUM_CONVERSION = YES;
				CLANG_WARN_INFINITE_RECURSION = YES;
				CLANG_WARN_INT_CONVERSION = YES;
				CLANG_WARN_NON_LITERAL_NULL_CONVERSION = YES;
				CLANG_WARN_OBJC_IMPLICIT_RETAIN_SELF = YES;
				CLANG_WARN_OBJC_LITERAL_CONVERSION = YES;
				CLANG_WARN_OBJC_ROOT_CLASS = YES_ERROR;
				CLANG_WARN_QUOTED_INCLUDE_IN_FRAMEWORK_HEADER = YES;
				CLANG_WARN_RANGE_LOOP_ANALYSIS = YES;
				CLANG_WARN_STRICT_PROTOTYPES = YES;
				CLANG_WARN_SUSPICIOUS_MOVE = YES;
				CLANG_WARN_UNGUARDED_AVAILABILITY = YES_AGGRESSIVE;
				CLANG_WARN_UNREACHABLE_CODE = YES;
				CLANG_WARN__DUPLICATE_METHOD_MATCH = YES;
				COPY_PHASE_STRIP = NO;
				DEBUG_INFORMATION_FORMAT = "dwarf-with-dsym";
				ENABLE_NS_ASSERTIONS = NO;
				ENABLE_STRICT_OBJC_MSGSEND = YES;
				GCC_C_LANGUAGE_STANDARD = gnu11;
				GCC_NO_COMMON_BLOCKS = YES;
				GCC_WARN_64_TO_32_BIT_CONVERSION = YES;
				GCC_WARN_ABOUT_RETURN_TYPE = YES_ERROR;
				GCC_WARN_UNDECLARED_SELECTOR = YES;
				GCC_WARN_UNINITIALIZED_AUTOS = YES_AGGRESSIVE;
				GCC_WARN_UNUSED_FUNCTION = YES;
				GCC_WARN_UNUSED_VARIABLE = YES;
				IPHONEOS_DEPLOYMENT_TARGET = 14.4;
				MTL_ENABLE_DEBUG_INFO = NO;
				MTL_FAST_MATH = YES;
				SDKROOT = iphoneos;
				SWIFT_COMPILATION_MODE = wholemodule;
				SWIFT_OPTIMIZATION_LEVEL = "-O";
				VALIDATE_PRODUCT = YES;
			};
			name = Release;
		};
		D9003AE325D8146C001392C8 /* Debug */ = {
			isa = XCBuildConfiguration;
			baseConfigurationReference = 1948BD7E14C14648A5450C12 /* Pods-flixster.debug.xcconfig */;
			buildSettings = {
				ASSETCATALOG_COMPILER_APPICON_NAME = AppIcon;
				ASSETCATALOG_COMPILER_GLOBAL_ACCENT_COLOR_NAME = AccentColor;
				CODE_SIGN_STYLE = Automatic;
				INFOPLIST_FILE = flixster/Info.plist;
				LD_RUNPATH_SEARCH_PATHS = (
					"$(inherited)",
					"@executable_path/Frameworks",
				);
				PRODUCT_BUNDLE_IDENTIFIER = com.codepath.flixster;
				PRODUCT_NAME = "$(TARGET_NAME)";
				SWIFT_VERSION = 5.0;
				TARGETED_DEVICE_FAMILY = "1,2";
			};
			name = Debug;
		};
		D9003AE425D8146C001392C8 /* Release */ = {
			isa = XCBuildConfiguration;
			baseConfigurationReference = B316E5090222282AF9B06999 /* Pods-flixster.release.xcconfig */;
			buildSettings = {
				ASSETCATALOG_COMPILER_APPICON_NAME = AppIcon;
				ASSETCATALOG_COMPILER_GLOBAL_ACCENT_COLOR_NAME = AccentColor;
				CODE_SIGN_STYLE = Automatic;
				INFOPLIST_FILE = flixster/Info.plist;
				LD_RUNPATH_SEARCH_PATHS = (
					"$(inherited)",
					"@executable_path/Frameworks",
				);
				PRODUCT_BUNDLE_IDENTIFIER = com.codepath.flixster;
				PRODUCT_NAME = "$(TARGET_NAME)";
				SWIFT_VERSION = 5.0;
				TARGETED_DEVICE_FAMILY = "1,2";
			};
			name = Release;
		};
		D9003AE625D8146C001392C8 /* Debug */ = {
			isa = XCBuildConfiguration;
			baseConfigurationReference = 5646D9AFE810FDE5E00AEF16 /* Pods-flixsterTests.debug.xcconfig */;
			buildSettings = {
				ALWAYS_EMBED_SWIFT_STANDARD_LIBRARIES = YES;
				BUNDLE_LOADER = "$(TEST_HOST)";
				CODE_SIGN_STYLE = Automatic;
				INFOPLIST_FILE = flixsterTests/Info.plist;
				IPHONEOS_DEPLOYMENT_TARGET = 14.4;
				LD_RUNPATH_SEARCH_PATHS = (
					"$(inherited)",
					"@executable_path/Frameworks",
					"@loader_path/Frameworks",
				);
				PRODUCT_BUNDLE_IDENTIFIER = com.codepath.flixsterTests;
				PRODUCT_NAME = "$(TARGET_NAME)";
				SWIFT_VERSION = 5.0;
				TARGETED_DEVICE_FAMILY = "1,2";
				TEST_HOST = "$(BUILT_PRODUCTS_DIR)/flixster.app/flixster";
			};
			name = Debug;
		};
		D9003AE725D8146C001392C8 /* Release */ = {
			isa = XCBuildConfiguration;
			baseConfigurationReference = 09E8BC29689826222785BD7F /* Pods-flixsterTests.release.xcconfig */;
			buildSettings = {
				ALWAYS_EMBED_SWIFT_STANDARD_LIBRARIES = YES;
				BUNDLE_LOADER = "$(TEST_HOST)";
				CODE_SIGN_STYLE = Automatic;
				INFOPLIST_FILE = flixsterTests/Info.plist;
				IPHONEOS_DEPLOYMENT_TARGET = 14.4;
				LD_RUNPATH_SEARCH_PATHS = (
					"$(inherited)",
					"@executable_path/Frameworks",
					"@loader_path/Frameworks",
				);
				PRODUCT_BUNDLE_IDENTIFIER = com.codepath.flixsterTests;
				PRODUCT_NAME = "$(TARGET_NAME)";
				SWIFT_VERSION = 5.0;
				TARGETED_DEVICE_FAMILY = "1,2";
				TEST_HOST = "$(BUILT_PRODUCTS_DIR)/flixster.app/flixster";
			};
			name = Release;
		};
		D9003AE925D8146C001392C8 /* Debug */ = {
			isa = XCBuildConfiguration;
			baseConfigurationReference = B83B2791AB861D0E5F0456D9 /* Pods-flixster-flixsterUITests.debug.xcconfig */;
			buildSettings = {
				ALWAYS_EMBED_SWIFT_STANDARD_LIBRARIES = YES;
				CODE_SIGN_STYLE = Automatic;
				INFOPLIST_FILE = flixsterUITests/Info.plist;
				LD_RUNPATH_SEARCH_PATHS = (
					"$(inherited)",
					"@executable_path/Frameworks",
					"@loader_path/Frameworks",
				);
				PRODUCT_BUNDLE_IDENTIFIER = com.codepath.flixsterUITests;
				PRODUCT_NAME = "$(TARGET_NAME)";
				SWIFT_VERSION = 5.0;
				TARGETED_DEVICE_FAMILY = "1,2";
				TEST_TARGET_NAME = flixster;
			};
			name = Debug;
		};
		D9003AEA25D8146C001392C8 /* Release */ = {
			isa = XCBuildConfiguration;
			baseConfigurationReference = 022A62D566D0BBF472812C6E /* Pods-flixster-flixsterUITests.release.xcconfig */;
			buildSettings = {
				ALWAYS_EMBED_SWIFT_STANDARD_LIBRARIES = YES;
				CODE_SIGN_STYLE = Automatic;
				INFOPLIST_FILE = flixsterUITests/Info.plist;
				LD_RUNPATH_SEARCH_PATHS = (
					"$(inherited)",
					"@executable_path/Frameworks",
					"@loader_path/Frameworks",
				);
				PRODUCT_BUNDLE_IDENTIFIER = com.codepath.flixsterUITests;
				PRODUCT_NAME = "$(TARGET_NAME)";
				SWIFT_VERSION = 5.0;
				TARGETED_DEVICE_FAMILY = "1,2";
				TEST_TARGET_NAME = flixster;
			};
			name = Release;
		};
/* End XCBuildConfiguration section */

/* Begin XCConfigurationList section */
		D9003AB325D81468001392C8 /* Build configuration list for PBXProject "flixster" */ = {
			isa = XCConfigurationList;
			buildConfigurations = (
				D9003AE025D8146C001392C8 /* Debug */,
				D9003AE125D8146C001392C8 /* Release */,
			);
			defaultConfigurationIsVisible = 0;
			defaultConfigurationName = Release;
		};
		D9003AE225D8146C001392C8 /* Build configuration list for PBXNativeTarget "flixster" */ = {
			isa = XCConfigurationList;
			buildConfigurations = (
				D9003AE325D8146C001392C8 /* Debug */,
				D9003AE425D8146C001392C8 /* Release */,
			);
			defaultConfigurationIsVisible = 0;
			defaultConfigurationName = Release;
		};
		D9003AE525D8146C001392C8 /* Build configuration list for PBXNativeTarget "flixsterTests" */ = {
			isa = XCConfigurationList;
			buildConfigurations = (
				D9003AE625D8146C001392C8 /* Debug */,
				D9003AE725D8146C001392C8 /* Release */,
			);
			defaultConfigurationIsVisible = 0;
			defaultConfigurationName = Release;
		};
		D9003AE825D8146C001392C8 /* Build configuration list for PBXNativeTarget "flixsterUITests" */ = {
			isa = XCConfigurationList;
			buildConfigurations = (
				D9003AE925D8146C001392C8 /* Debug */,
				D9003AEA25D8146C001392C8 /* Release */,
			);
			defaultConfigurationIsVisible = 0;
			defaultConfigurationName = Release;
		};
/* End XCConfigurationList section */
	};
	rootObject = D9003AB025D81468001392C8 /* Project object */;
}
